github.com/google/uuid v1.6.0/go.mod h1:TIyPZe4MgqvfeYDBFedMoGGpEw/LqOeaOT+nhxU+yHo=
github.com/savsgio/gotils v0.0.0-20240303165341-b550f9725c9d h1:oRDcuVnSosTG90PUyWyW5yyrY3ev+w189Vsc25DjfW0=
github.com/savsgio/gotils v0.0.0-20240303165341-b550f9725c9d/go.mod h1:sM7Mt7uEoCeFSCBM+qBrqvEo+/9vdmj19wzp3yzUhmg=
github.com/valyala/bytebufferpool v1.0.0 h1:GqA5TC/0021Y/b9FG4Oi9Mr3q7XYx6KllzawFIhcdPw=
github.com/valyala/bytebufferpool v1.0.0/go.mod h1:6bBcMArwyJ5K/AmCkWv1jt77kVWyCJ6HpOuEn7z0Csc=
